
Microsoft Visual Studio Solution File, Format Version 12.00
# Visual Studio Version 17
VisualStudioVersion = 17.3.32901.215
MinimumVisualStudioVersion = 10.0.40219.1
Project("{FAE04EC0-301F-11D3-BF4B-00C04F79EFBC}") = "Tarea2", "Tarea2\Tarea2.csproj", "{D78D7F68-31F3-47E8-AA53-E29149BB633B}"
EndProject
Global
	GlobalSection(SolutionConfigurationPlatforms) = preSolution
		Debug|Any CPU = Debug|Any CPU
		Release|Any CPU = Release|Any CPU
	EndGlobalSection
	GlobalSection(ProjectConfigurationPlatforms) = postSolution
		{D78D7F68-31F3-47E8-AA53-E29149BB633B}.Debug|Any CPU.ActiveCfg = Debug|Any CPU
		{D78D7F68-31F3-47E8-AA53-E29149BB633B}.Debug|Any CPU.Build.0 = Debug|Any CPU
		{D78D7F68-31F3-47E8-AA53-E29149BB633B}.Release|Any CPU.ActiveCfg = Release|Any CPU
		{D78D7F68-31F3-47E8-AA53-E29149BB633B}.Release|Any CPU.Build.0 = Release|Any CPU
	EndGlobalSection
	GlobalSection(SolutionProperties) = preSolution
		HideSolutionNode = FALSE
	EndGlobalSection
	GlobalSection(ExtensibilityGlobals) = postSolution
		SolutionGuid = {6244D24B-8D5D-4D22-90BB-A24AFDDB0DDF}
	EndGlobalSection
EndGlobal
